
Microsoft Visual Studio Solution File, Format Version 12.00
# Visual Studio Version 16
VisualStudioVersion = 16.0.29519.181
MinimumVisualStudioVersion = 10.0.40219.1
Project("{8BC9CEB8-8B4A-11D0-8D11-00A0C91BC942}") = "mtc", "mtc.vcxproj", "{BF6070AC-CFCB-4E8A-85F4-A9A3AE12CDD1}"
EndProject
Project("{8BC9CEB8-8B4A-11D0-8D11-00A0C91BC942}") = "test-wcsstr", "tests\test-wcsstr.vcxproj", "{7F6D1E81-9D94-4BD8-9C67-5F01278C4311}"
EndProject
Project("{8BC9CEB8-8B4A-11D0-8D11-00A0C91BC942}") = "moonycode", "..\moonycode\moonycode.vcxproj", "{A94FABAE-AE15-4B92-8197-4AFB28B9BBCC}"
EndProject
Project("{8BC9CEB8-8B4A-11D0-8D11-00A0C91BC942}") = "test-zmap", "tests\test-zmap.vcxproj", "{F289C152-27D7-44AE-B7CA-1BE085B7782C}"
EndProject
Project("{8BC9CEB8-8B4A-11D0-8D11-00A0C91BC942}") = "test-patricia", "tests\test-patricia.vcxproj", "{DDF5C302-2F05-4983-9DCE-8587D67852D3}"
EndProject
Project("{8BC9CEB8-8B4A-11D0-8D11-00A0C91BC942}") = "test-directory", "tests\test-directory.vcxproj", "{FF59F6E1-19F1-4FD7-9684-B30C99810429}"
EndProject
Project("{8BC9CEB8-8B4A-11D0-8D11-00A0C91BC942}") = "test-config", "tests\test-config.vcxproj", "{098908A3-0236-4914-AD9B-972E3E9F61AA}"
EndProject
Project("{8BC9CEB8-8B4A-11D0-8D11-00A0C91BC942}") = "test-utf", "tests\test-utf.vcxproj", "{8FF9DE59-602B-4CBC-9BBE-61B0D62F41F6}"
EndProject
Global
	GlobalSection(SolutionConfigurationPlatforms) = preSolution
		Debug|x64 = Debug|x64
		Debug|x86 = Debug|x86
		Release|x64 = Release|x64
		Release|x86 = Release|x86
	EndGlobalSection
	GlobalSection(ProjectConfigurationPlatforms) = postSolution
		{BF6070AC-CFCB-4E8A-85F4-A9A3AE12CDD1}.Debug|x64.ActiveCfg = Debug|x64
		{BF6070AC-CFCB-4E8A-85F4-A9A3AE12CDD1}.Debug|x64.Build.0 = Debug|x64
		{BF6070AC-CFCB-4E8A-85F4-A9A3AE12CDD1}.Debug|x86.ActiveCfg = Debug|Win32
		{BF6070AC-CFCB-4E8A-85F4-A9A3AE12CDD1}.Debug|x86.Build.0 = Debug|Win32
		{BF6070AC-CFCB-4E8A-85F4-A9A3AE12CDD1}.Release|x64.ActiveCfg = Release|x64
		{BF6070AC-CFCB-4E8A-85F4-A9A3AE12CDD1}.Release|x64.Build.0 = Release|x64
		{BF6070AC-CFCB-4E8A-85F4-A9A3AE12CDD1}.Release|x86.ActiveCfg = Release|Win32
		{BF6070AC-CFCB-4E8A-85F4-A9A3AE12CDD1}.Release|x86.Build.0 = Release|Win32
		{7F6D1E81-9D94-4BD8-9C67-5F01278C4311}.Debug|x64.ActiveCfg = Debug|x64
		{7F6D1E81-9D94-4BD8-9C67-5F01278C4311}.Debug|x64.Build.0 = Debug|x64
		{7F6D1E81-9D94-4BD8-9C67-5F01278C4311}.Debug|x86.ActiveCfg = Debug|Win32
		{7F6D1E81-9D94-4BD8-9C67-5F01278C4311}.Debug|x86.Build.0 = Debug|Win32
		{7F6D1E81-9D94-4BD8-9C67-5F01278C4311}.Release|x64.ActiveCfg = Release|x64
		{7F6D1E81-9D94-4BD8-9C67-5F01278C4311}.Release|x64.Build.0 = Release|x64
		{7F6D1E81-9D94-4BD8-9C67-5F01278C4311}.Release|x86.ActiveCfg = Release|Win32
		{7F6D1E81-9D94-4BD8-9C67-5F01278C4311}.Release|x86.Build.0 = Release|Win32
		{A94FABAE-AE15-4B92-8197-4AFB28B9BBCC}.Debug|x64.ActiveCfg = Debug|x64
		{A94FABAE-AE15-4B92-8197-4AFB28B9BBCC}.Debug|x64.Build.0 = Debug|x64
		{A94FABAE-AE15-4B92-8197-4AFB28B9BBCC}.Debug|x86.ActiveCfg = Debug|Win32
		{A94FABAE-AE15-4B92-8197-4AFB28B9BBCC}.Debug|x86.Build.0 = Debug|Win32
		{A94FABAE-AE15-4B92-8197-4AFB28B9BBCC}.Release|x64.ActiveCfg = Release|x64
		{A94FABAE-AE15-4B92-8197-4AFB28B9BBCC}.Release|x64.Build.0 = Release|x64
		{A94FABAE-AE15-4B92-8197-4AFB28B9BBCC}.Release|x86.ActiveCfg = Release|Win32
		{A94FABAE-AE15-4B92-8197-4AFB28B9BBCC}.Release|x86.Build.0 = Release|Win32
		{F289C152-27D7-44AE-B7CA-1BE085B7782C}.Debug|x64.ActiveCfg = Debug|x64
		{F289C152-27D7-44AE-B7CA-1BE085B7782C}.Debug|x64.Build.0 = Debug|x64
		{F289C152-27D7-44AE-B7CA-1BE085B7782C}.Debug|x86.ActiveCfg = Debug|Win32
		{F289C152-27D7-44AE-B7CA-1BE085B7782C}.Debug|x86.Build.0 = Debug|Win32
		{F289C152-27D7-44AE-B7CA-1BE085B7782C}.Release|x64.ActiveCfg = Release|x64
		{F289C152-27D7-44AE-B7CA-1BE085B7782C}.Release|x64.Build.0 = Release|x64
		{F289C152-27D7-44AE-B7CA-1BE085B7782C}.Release|x86.ActiveCfg = Release|Win32
		{F289C152-27D7-44AE-B7CA-1BE085B7782C}.Release|x86.Build.0 = Release|Win32
		{DDF5C302-2F05-4983-9DCE-8587D67852D3}.Debug|x64.ActiveCfg = Debug|x64
		{DDF5C302-2F05-4983-9DCE-8587D67852D3}.Debug|x64.Build.0 = Debug|x64
		{DDF5C302-2F05-4983-9DCE-8587D67852D3}.Debug|x86.ActiveCfg = Debug|Win32
		{DDF5C302-2F05-4983-9DCE-8587D67852D3}.Debug|x86.Build.0 = Debug|Win32
		{DDF5C302-2F05-4983-9DCE-8587D67852D3}.Release|x64.ActiveCfg = Release|x64
		{DDF5C302-2F05-4983-9DCE-8587D67852D3}.Release|x64.Build.0 = Release|x64
		{DDF5C302-2F05-4983-9DCE-8587D67852D3}.Release|x86.ActiveCfg = Release|Win32
		{DDF5C302-2F05-4983-9DCE-8587D67852D3}.Release|x86.Build.0 = Release|Win32
		{FF59F6E1-19F1-4FD7-9684-B30C99810429}.Debug|x64.ActiveCfg = Debug|x64
		{FF59F6E1-19F1-4FD7-9684-B30C99810429}.Debug|x64.Build.0 = Debug|x64
		{FF59F6E1-19F1-4FD7-9684-B30C99810429}.Debug|x86.ActiveCfg = Debug|Win32
		{FF59F6E1-19F1-4FD7-9684-B30C99810429}.Debug|x86.Build.0 = Debug|Win32
		{FF59F6E1-19F1-4FD7-9684-B30C99810429}.Release|x64.ActiveCfg = Release|x64
		{FF59F6E1-19F1-4FD7-9684-B30C99810429}.Release|x64.Build.0 = Release|x64
		{FF59F6E1-19F1-4FD7-9684-B30C99810429}.Release|x86.ActiveCfg = Release|Win32
		{FF59F6E1-19F1-4FD7-9684-B30C99810429}.Release|x86.Build.0 = Release|Win32
		{098908A3-0236-4914-AD9B-972E3E9F61AA}.Debug|x64.ActiveCfg = Debug|x64
		{098908A3-0236-4914-AD9B-972E3E9F61AA}.Debug|x64.Build.0 = Debug|x64
		{098908A3-0236-4914-AD9B-972E3E9F61AA}.Debug|x86.ActiveCfg = Debug|Win32
		{098908A3-0236-4914-AD9B-972E3E9F61AA}.Debug|x86.Build.0 = Debug|Win32
		{098908A3-0236-4914-AD9B-972E3E9F61AA}.Release|x64.ActiveCfg = Release|x64
		{098908A3-0236-4914-AD9B-972E3E9F61AA}.Release|x64.Build.0 = Release|x64
		{098908A3-0236-4914-AD9B-972E3E9F61AA}.Release|x86.ActiveCfg = Release|Win32
		{098908A3-0236-4914-AD9B-972E3E9F61AA}.Release|x86.Build.0 = Release|Win32
		{8FF9DE59-602B-4CBC-9BBE-61B0D62F41F6}.Debug|x64.ActiveCfg = Debug|x64
		{8FF9DE59-602B-4CBC-9BBE-61B0D62F41F6}.Debug|x64.Build.0 = Debug|x64
		{8FF9DE59-602B-4CBC-9BBE-61B0D62F41F6}.Debug|x86.ActiveCfg = Debug|Win32
		{8FF9DE59-602B-4CBC-9BBE-61B0D62F41F6}.Debug|x86.Build.0 = Debug|Win32
		{8FF9DE59-602B-4CBC-9BBE-61B0D62F41F6}.Release|x64.ActiveCfg = Release|x64
		{8FF9DE59-602B-4CBC-9BBE-61B0D62F41F6}.Release|x64.Build.0 = Release|x64
		{8FF9DE59-602B-4CBC-9BBE-61B0D62F41F6}.Release|x86.ActiveCfg = Release|Win32
		{8FF9DE59-602B-4CBC-9BBE-61B0D62F41F6}.Release|x86.Build.0 = Release|Win32
	EndGlobalSection
	GlobalSection(SolutionProperties) = preSolution
		HideSolutionNode = FALSE
	EndGlobalSection
	GlobalSection(ExtensibilityGlobals) = postSolution
		SolutionGuid = {6D61398C-C5A8-4490-AFF9-680C14104EA0}
	EndGlobalSection
EndGlobal
