<?xml version="1.0" encoding="utf-8"?>
<Project ToolsVersion="4.0" xmlns="http://schemas.microsoft.com/developer/msbuild/2003">
  <ItemGroup>
    <ClCompile Include="byteBuffer.cpp" />
    <ClCompile Include="config.cpp" />
    <ClCompile Include="dir.cpp" />
    <ClCompile Include="dirtools.cpp" />
    <ClCompile Include="fileStream.cpp" />
    <ClCompile Include="netStream.cpp" />
    <ClCompile Include="z_js.cpp" />
    <ClCompile Include="zmap.cpp" />
    <ClCompile Include="zval.cpp" />
    <ClCompile Include="zipStream.cpp" />
    <ClCompile Include="net\sockets.cpp">
      <Filter>net</Filter>
    </ClCompile>
  </ItemGroup>
  <ItemGroup>
    <ClInclude Include="byteBuffer.h" />
    <ClInclude Include="config.h" />
    <ClInclude Include="fileStream.h" />
    <ClInclude Include="json.h" />
    <ClInclude Include="netStream.h" />
    <ClInclude Include="zipStream.h" />
    <ClInclude Include="net\sockets.hpp">
      <Filter>net</Filter>
    </ClInclude>
  </ItemGroup>
  <ItemGroup>
    <Filter Include="net">
      <UniqueIdentifier>{a1c6d675-f1f9-432b-b2f1-b27bade699af}</UniqueIdentifier>
    </Filter>
  </ItemGroup>
</Project>